
Microsoft Visual Studio Solution File, Format Version 12.00
# Visual Studio Version 17
VisualStudioVersion = 17.3.32819.101
MinimumVisualStudioVersion = 10.0.40219.1
Project("{FAE04EC0-301F-11D3-BF4B-00C04F79EFBC}") = "Calculator", "Calculator\Calculator.csproj", "{30276CD9-FA71-4AE4-934D-5D1A977E4F58}"
EndProject
Global
	GlobalSection(SolutionConfigurationPlatforms) = preSolution
		Debug|Any CPU = Debug|Any CPU
		Release|Any CPU = Release|Any CPU
	EndGlobalSection
	GlobalSection(ProjectConfigurationPlatforms) = postSolution
		{30276CD9-FA71-4AE4-934D-5D1A977E4F58}.Debug|Any CPU.ActiveCfg = Debug|Any CPU
		{30276CD9-FA71-4AE4-934D-5D1A977E4F58}.Debug|Any CPU.Build.0 = Debug|Any CPU
		{30276CD9-FA71-4AE4-934D-5D1A977E4F58}.Release|Any CPU.ActiveCfg = Release|Any CPU
		{30276CD9-FA71-4AE4-934D-5D1A977E4F58}.Release|Any CPU.Build.0 = Release|Any CPU
	EndGlobalSection
	GlobalSection(SolutionProperties) = preSolution
		HideSolutionNode = FALSE
	EndGlobalSection
	GlobalSection(ExtensibilityGlobals) = postSolution
		SolutionGuid = {ED4847FE-6A97-411F-914E-82BD09CF91D2}
	EndGlobalSection
EndGlobal
